{
  "requires": true,
  "lockfileVersion": 1,
  "dependencies": {
    "start-server-nestjs-webpack-plugin": {
      "version": "2.2.5",
      "resolved": "https://registry.npmjs.org/start-server-nestjs-webpack-plugin/-/start-server-nestjs-webpack-plugin-2.2.5.tgz",
      "integrity": "sha512-tnuGcGbT7qSF5h08/T7YkP6rX/m3DcsC+s8srzD7LNC7WIR7p/FU1+iZqfNUHAtjSFdAG0thK2H3by2AY1kr6w==",
      "dev": true
    }
  }
}
